
Microsoft Visual Studio Solution File, Format Version 12.00
# Visual Studio Version 17
VisualStudioVersion = 17.0.31912.275
MinimumVisualStudioVersion = 10.0.40219.1
Project("{FAE04EC0-301F-11D3-BF4B-00C04F79EFBC}") = "Monoalphabetic Cipher", "Monoalphabetic Cipher\Monoalphabetic Cipher.csproj", "{F1273E48-66EB-42A3-AA60-68BEC5A80215}"
EndProject
Global
	GlobalSection(SolutionConfigurationPlatforms) = preSolution
		Debug|Any CPU = Debug|Any CPU
		Release|Any CPU = Release|Any CPU
	EndGlobalSection
	GlobalSection(ProjectConfigurationPlatforms) = postSolution
		{F1273E48-66EB-42A3-AA60-68BEC5A80215}.Debug|Any CPU.ActiveCfg = Debug|Any CPU
		{F1273E48-66EB-42A3-AA60-68BEC5A80215}.Debug|Any CPU.Build.0 = Debug|Any CPU
		{F1273E48-66EB-42A3-AA60-68BEC5A80215}.Release|Any CPU.ActiveCfg = Release|Any CPU
		{F1273E48-66EB-42A3-AA60-68BEC5A80215}.Release|Any CPU.Build.0 = Release|Any CPU
	EndGlobalSection
	GlobalSection(SolutionProperties) = preSolution
		HideSolutionNode = FALSE
	EndGlobalSection
	GlobalSection(ExtensibilityGlobals) = postSolution
		SolutionGuid = {965C4E64-BDB4-480A-B4BE-9F0421C61406}
	EndGlobalSection
EndGlobal
